// !$*UTF8*$!
{
	archiveVersion = 1;
	classes = {
	};
	objectVersion = 48;
	objects = {

/* Begin PBXBuildFile section */
		2D89F4842092C656007D292E /* main.cpp in Sources */ = {isa = PBXBuildFile; fileRef = 2D89F4832092C656007D292E /* main.cpp */; };
		2D89F48D2092C6E8007D292E /* bag.cpp in Sources */ = {isa = PBXBuildFile; fileRef = 2D89F48B2092C6E8007D292E /* bag.cpp */; };
		2D89F4942092C87B007D292E /* node.cpp in Sources */ = {isa = PBXBuildFile; fileRef = 2D89F4922092C87B007D292E /* node.cpp */; };
		2D89F49820930111007D292E /* Pseron.cpp in Sources */ = {isa = PBXBuildFile; fileRef = 2D89F49620930111007D292E /* Pseron.cpp */; };
		2D89F49D20930E1B007D292E /* StringBad.cpp in Sources */ = {isa = PBXBuildFile; fileRef = 2D89F49B20930E1B007D292E /* StringBad.cpp */; };
/* End PBXBuildFile section */

/* Begin PBXCopyFilesBuildPhase section */
		2D89F47E2092C656007D292E /* CopyFiles */ = {
			isa = PBXCopyFilesBuildPhase;
			buildActionMask = 2147483647;
			dstPath = /usr/share/man/man1/;
			dstSubfolderSpec = 0;
			files = (
			);
			runOnlyForDeploymentPostprocessing = 1;
		};
/* End PBXCopyFilesBuildPhase section */

/* Begin PBXFileReference section */
		2D89F4802092C656007D292E /* LearnCPP */ = {isa = PBXFileReference; explicitFileType = "compiled.mach-o.executable"; includeInIndex = 0; path = LearnCPP; sourceTree = BUILT_PRODUCTS_DIR; };
		2D89F4832092C656007D292E /* main.cpp */ = {isa = PBXFileReference; lastKnownFileType = sourcecode.cpp.cpp; path = main.cpp; sourceTree = "<group>"; };
		2D89F48B2092C6E8007D292E /* bag.cpp */ = {isa = PBXFileReference; lastKnownFileType = sourcecode.cpp.cpp; path = bag.cpp; sourceTree = "<group>"; };
		2D89F48C2092C6E8007D292E /* bag.hpp */ = {isa = PBXFileReference; lastKnownFileType = sourcecode.cpp.h; path = bag.hpp; sourceTree = "<group>"; };
		2D89F4922092C87B007D292E /* node.cpp */ = {isa = PBXFileReference; lastKnownFileType = sourcecode.cpp.cpp; path = node.cpp; sourceTree = "<group>"; };
		2D89F4932092C87B007D292E /* node.hpp */ = {isa = PBXFileReference; lastKnownFileType = sourcecode.cpp.h; path = node.hpp; sourceTree = "<group>"; };
		2D89F49620930111007D292E /* Pseron.cpp */ = {isa = PBXFileReference; lastKnownFileType = sourcecode.cpp.cpp; path = Pseron.cpp; sourceTree = "<group>"; };
		2D89F49720930111007D292E /* Pseron.hpp */ = {isa = PBXFileReference; lastKnownFileType = sourcecode.cpp.h; path = Pseron.hpp; sourceTree = "<group>"; };
		2D89F49B20930E1B007D292E /* StringBad.cpp */ = {isa = PBXFileReference; lastKnownFileType = sourcecode.cpp.cpp; path = StringBad.cpp; sourceTree = "<group>"; };
		2D89F49C20930E1B007D292E /* StringBad.hpp */ = {isa = PBXFileReference; lastKnownFileType = sourcecode.cpp.h; path = StringBad.hpp; sourceTree = "<group>"; };
/* End PBXFileReference section */

/* Begin PBXFrameworksBuildPhase section */
		2D89F47D2092C656007D292E /* Frameworks */ = {
			isa = PBXFrameworksBuildPhase;
			buildActionMask = 2147483647;
			files = (
			);
			runOnlyForDeploymentPostprocessing = 0;
		};
/* End PBXFrameworksBuildPhase section */

/* Begin PBXGroup section */
		2D89F4772092C656007D292E = {
			isa = PBXGroup;
			children = (
				2D89F4822092C656007D292E /* LearnCPP */,
				2D89F4812092C656007D292E /* Products */,
			);
			sourceTree = "<group>";
		};
		2D89F4812092C656007D292E /* Products */ = {
			isa = PBXGroup;
			children = (
				2D89F4802092C656007D292E /* LearnCPP */,
			);
			name = Products;
			sourceTree = "<group>";
		};
		2D89F4822092C656007D292E /* LearnCPP */ = {
			isa = PBXGroup;
			children = (
				2D89F495209300E5007D292E /* C++ Primer Plus demo */,
				2D89F48A2092C6D1007D292E /* collection */,
				2D89F4832092C656007D292E /* main.cpp */,
			);
			path = LearnCPP;
			sourceTree = "<group>";
		};
		2D89F48A2092C6D1007D292E /* collection */ = {
			isa = PBXGroup;
			children = (
				2D89F48B2092C6E8007D292E /* bag.cpp */,
				2D89F48C2092C6E8007D292E /* bag.hpp */,
				2D89F4922092C87B007D292E /* node.cpp */,
				2D89F4932092C87B007D292E /* node.hpp */,
			);
			path = collection;
			sourceTree = "<group>";
		};
		2D89F495209300E5007D292E /* C++ Primer Plus demo */ = {
			isa = PBXGroup;
			children = (
				2D89F49620930111007D292E /* Pseron.cpp */,
				2D89F49720930111007D292E /* Pseron.hpp */,
				2D89F49B20930E1B007D292E /* StringBad.cpp */,
				2D89F49C20930E1B007D292E /* StringBad.hpp */,
			);
			path = "C++ Primer Plus demo";
			sourceTree = "<group>";
		};
/* End PBXGroup section */

/* Begin PBXNativeTarget section */
		2D89F47F2092C656007D292E /* LearnCPP */ = {
			isa = PBXNativeTarget;
			buildConfigurationList = 2D89F4872092C656007D292E /* Build configuration list for PBXNativeTarget "LearnCPP" */;
			buildPhases = (
				2D89F47C2092C656007D292E /* Sources */,
				2D89F47D2092C656007D292E /* Frameworks */,
				2D89F47E2092C656007D292E /* CopyFiles */,
			);
			buildRules = (
			);
			dependencies = (
			);
			name = LearnCPP;
			productName = LearnCPP;
			productReference = 2D89F4802092C656007D292E /* LearnCPP */;
			productType = "com.apple.product-type.tool";
		};
/* End PBXNativeTarget section */

/* Begin PBXProject section */
		2D89F4782092C656007D292E /* Project object */ = {
			isa = PBXProject;
			attributes = {
				LastUpgradeCheck = 0920;
				ORGANIZATIONNAME = WELCommand;
				TargetAttributes = {
					2D89F47F2092C656007D292E = {
						CreatedOnToolsVersion = 9.2;
						ProvisioningStyle = Automatic;
					};
				};
			};
			buildConfigurationList = 2D89F47B2092C656007D292E /* Build configuration list for PBXProject "LearnCPP" */;
			compatibilityVersion = "Xcode 8.0";
			developmentRegion = en;
			hasScannedForEncodings = 0;
			knownRegions = (
				en,
			);
			mainGroup = 2D89F4772092C656007D292E;
			productRefGroup = 2D89F4812092C656007D292E /* Products */;
			projectDirPath = "";
			projectRoot = "";
			targets = (
				2D89F47F2092C656007D292E /* LearnCPP */,
			);
		};
/* End PBXProject section */

/* Begin PBXSourcesBuildPhase section */
		2D89F47C2092C656007D292E /* Sources */ = {
			isa = PBXSourcesBuildPhase;
			buildActionMask = 2147483647;
			files = (
				2D89F48D2092C6E8007D292E /* bag.cpp in Sources */,
				2D89F49D20930E1B007D292E /* StringBad.cpp in Sources */,
				2D89F4842092C656007D292E /* main.cpp in Sources */,
				2D89F49820930111007D292E /* Pseron.cpp in Sources */,
				2D89F4942092C87B007D292E /* node.cpp in Sources */,
			);
			runOnlyForDeploymentPostprocessing = 0;
		};
/* End PBXSourcesBuildPhase section */

/* Begin XCBuildConfiguration section */
		2D89F4852092C656007D292E /* Debug */ = {
			isa = XCBuildConfiguration;
			buildSettings = {
				ALWAYS_SEARCH_USER_PATHS = NO;
				CLANG_ANALYZER_NONNULL = YES;
				CLANG_ANALYZER_NUMBER_OBJECT_CONVERSION = YES_AGGRESSIVE;
				CLANG_CXX_LANGUAGE_STANDARD = "gnu++14";
				CLANG_CXX_LIBRARY = "libc++";
				CLANG_ENABLE_MODULES = YES;
				CLANG_ENABLE_OBJC_ARC = YES;
				CLANG_WARN_BLOCK_CAPTURE_AUTORELEASING = YES;
				CLANG_WARN_BOOL_CONVERSION = YES;
				CLANG_WARN_COMMA = YES;
				CLANG_WARN_CONSTANT_CONVERSION = YES;
				CLANG_WARN_DIRECT_OBJC_ISA_USAGE = YES_ERROR;
				CLANG_WARN_DOCUMENTATION_COMMENTS = YES;
				CLANG_WARN_EMPTY_BODY = YES;
				CLANG_WARN_ENUM_CONVERSION = YES;
				CLANG_WARN_INFINITE_RECURSION = YES;
				CLANG_WARN_INT_CONVERSION = YES;
				CLANG_WARN_NON_LITERAL_NULL_CONVERSION = YES;
				CLANG_WARN_OBJC_LITERAL_CONVERSION = YES;
				CLANG_WARN_OBJC_ROOT_CLASS = YES_ERROR;
				CLANG_WARN_RANGE_LOOP_ANALYSIS = YES;
				CLANG_WARN_STRICT_PROTOTYPES = YES;
				CLANG_WARN_SUSPICIOUS_MOVE = YES;
				CLANG_WARN_UNGUARDED_AVAILABILITY = YES_AGGRESSIVE;
				CLANG_WARN_UNREACHABLE_CODE = YES;
				CLANG_WARN__DUPLICATE_METHOD_MATCH = YES;
				CODE_SIGN_IDENTITY = "-";
				COPY_PHASE_STRIP = NO;
				DEBUG_INFORMATION_FORMAT = dwarf;
				ENABLE_STRICT_OBJC_MSGSEND = YES;
				ENABLE_TESTABILITY = YES;
				GCC_C_LANGUAGE_STANDARD = gnu11;
				GCC_DYNAMIC_NO_PIC = NO;
				GCC_NO_COMMON_BLOCKS = YES;
				GCC_OPTIMIZATION_LEVEL = 0;
				GCC_PREPROCESSOR_DEFINITIONS = (
					"DEBUG=1",
					"$(inherited)",
				);
				GCC_WARN_64_TO_32_BIT_CONVERSION = YES;
				GCC_WARN_ABOUT_RETURN_TYPE = YES_ERROR;
				GCC_WARN_UNDECLARED_SELECTOR = YES;
				GCC_WARN_UNINITIALIZED_AUTOS = YES_AGGRESSIVE;
				GCC_WARN_UNUSED_FUNCTION = YES;
				GCC_WARN_UNUSED_VARIABLE = YES;
				MACOSX_DEPLOYMENT_TARGET = 10.13;
				MTL_ENABLE_DEBUG_INFO = YES;
				ONLY_ACTIVE_ARCH = YES;
				SDKROOT = macosx;
			};
			name = Debug;
		};
		2D89F4862092C656007D292E /* Release */ = {
			isa = XCBuildConfiguration;
			buildSettings = {
				ALWAYS_SEARCH_USER_PATHS = NO;
				CLANG_ANALYZER_NONNULL = YES;
				CLANG_ANALYZER_NUMBER_OBJECT_CONVERSION = YES_AGGRESSIVE;
				CLANG_CXX_LANGUAGE_STANDARD = "gnu++14";
				CLANG_CXX_LIBRARY = "libc++";
				CLANG_ENABLE_MODULES = YES;
				CLANG_ENABLE_OBJC_ARC = YES;
				CLANG_WARN_BLOCK_CAPTURE_AUTORELEASING = YES;
				CLANG_WARN_BOOL_CONVERSION = YES;
				CLANG_WARN_COMMA = YES;
				CLANG_WARN_CONSTANT_CONVERSION = YES;
				CLANG_WARN_DIRECT_OBJC_ISA_USAGE = YES_ERROR;
				CLANG_WARN_DOCUMENTATION_COMMENTS = YES;
				CLANG_WARN_EMPTY_BODY = YES;
				CLANG_WARN_ENUM_CONVERSION = YES;
				CLANG_WARN_INFINITE_RECURSION = YES;
				CLANG_WARN_INT_CONVERSION = YES;
				CLANG_WARN_NON_LITERAL_NULL_CONVERSION = YES;
				CLANG_WARN_OBJC_LITERAL_CONVERSION = YES;
				CLANG_WARN_OBJC_ROOT_CLASS = YES_ERROR;
				CLANG_WARN_RANGE_LOOP_ANALYSIS = YES;
				CLANG_WARN_STRICT_PROTOTYPES = YES;
				CLANG_WARN_SUSPICIOUS_MOVE = YES;
				CLANG_WARN_UNGUARDED_AVAILABILITY = YES_AGGRESSIVE;
				CLANG_WARN_UNREACHABLE_CODE = YES;
				CLANG_WARN__DUPLICATE_METHOD_MATCH = YES;
				CODE_SIGN_IDENTITY = "-";
				COPY_PHASE_STRIP = NO;
				DEBUG_INFORMATION_FORMAT = "dwarf-with-dsym";
				ENABLE_NS_ASSERTIONS = NO;
				ENABLE_STRICT_OBJC_MSGSEND = YES;
				GCC_C_LANGUAGE_STANDARD = gnu11;
				GCC_NO_COMMON_BLOCKS = YES;
				GCC_WARN_64_TO_32_BIT_CONVERSION = YES;
				GCC_WARN_ABOUT_RETURN_TYPE = YES_ERROR;
				GCC_WARN_UNDECLARED_SELECTOR = YES;
				GCC_WARN_UNINITIALIZED_AUTOS = YES_AGGRESSIVE;
				GCC_WARN_UNUSED_FUNCTION = YES;
				GCC_WARN_UNUSED_VARIABLE = YES;
				MACOSX_DEPLOYMENT_TARGET = 10.13;
				MTL_ENABLE_DEBUG_INFO = NO;
				SDKROOT = macosx;
			};
			name = Release;
		};
		2D89F4882092C656007D292E /* Debug */ = {
			isa = XCBuildConfiguration;
			buildSettings = {
				CODE_SIGN_STYLE = Automatic;
				PRODUCT_NAME = "$(TARGET_NAME)";
			};
			name = Debug;
		};
		2D89F4892092C656007D292E /* Release */ = {
			isa = XCBuildConfiguration;
			buildSettings = {
				CODE_SIGN_STYLE = Automatic;
				PRODUCT_NAME = "$(TARGET_NAME)";
			};
			name = Release;
		};
/* End XCBuildConfiguration section */

/* Begin XCConfigurationList section */
		2D89F47B2092C656007D292E /* Build configuration list for PBXProject "LearnCPP" */ = {
			isa = XCConfigurationList;
			buildConfigurations = (
				2D89F4852092C656007D292E /* Debug */,
				2D89F4862092C656007D292E /* Release */,
			);
			defaultConfigurationIsVisible = 0;
			defaultConfigurationName = Release;
		};
		2D89F4872092C656007D292E /* Build configuration list for PBXNativeTarget "LearnCPP" */ = {
			isa = XCConfigurationList;
			buildConfigurations = (
				2D89F4882092C656007D292E /* Debug */,
				2D89F4892092C656007D292E /* Release */,
			);
			defaultConfigurationIsVisible = 0;
			defaultConfigurationName = Release;
		};
/* End XCConfigurationList section */
	};
	rootObject = 2D89F4782092C656007D292E /* Project object */;
}
